
Microsoft Visual Studio Solution File, Format Version 12.00
# Visual Studio Version 17
VisualStudioVersion = 17.9.34902.65
MinimumVisualStudioVersion = 10.0.40219.1
Project("{FAE04EC0-301F-11D3-BF4B-00C04F79EFBC}") = "LinqObjects", "LinqObjects\LinqObjects.csproj", "{6AD7D8AC-A27B-402A-92CD-A77CE57463CD}"
EndProject
Global
	GlobalSection(SolutionConfigurationPlatforms) = preSolution
		Debug|Any CPU = Debug|Any CPU
		Release|Any CPU = Release|Any CPU
	EndGlobalSection
	GlobalSection(ProjectConfigurationPlatforms) = postSolution
		{6AD7D8AC-A27B-402A-92CD-A77CE57463CD}.Debug|Any CPU.ActiveCfg = Debug|Any CPU
		{6AD7D8AC-A27B-402A-92CD-A77CE57463CD}.Debug|Any CPU.Build.0 = Debug|Any CPU
		{6AD7D8AC-A27B-402A-92CD-A77CE57463CD}.Release|Any CPU.ActiveCfg = Release|Any CPU
		{6AD7D8AC-A27B-402A-92CD-A77CE57463CD}.Release|Any CPU.Build.0 = Release|Any CPU
	EndGlobalSection
	GlobalSection(SolutionProperties) = preSolution
		HideSolutionNode = FALSE
	EndGlobalSection
	GlobalSection(ExtensibilityGlobals) = postSolution
		SolutionGuid = {1B5B49EB-A548-4D4C-BB61-5699A9E537FF}
	EndGlobalSection
EndGlobal
